<?xml version="1.0" encoding="utf-8"?>
<Project ToolsVersion="4.0" xmlns="http://schemas.microsoft.com/developer/msbuild/2003">
  <ItemGroup>
    <Filter Include="src">
      <UniqueIdentifier>{e4ec33b1-5a9e-4506-9156-df9cc09b47d2}</UniqueIdentifier>
    </Filter>
    <Filter Include="src\win32">
      <UniqueIdentifier>{e7a365e5-2c96-4038-8835-13951953e935}</UniqueIdentifier>
    </Filter>
    <Filter Include="src\common">
      <UniqueIdentifier>{3fada332-0417-433c-b800-1c519e0393e7}</UniqueIdentifier>
    </Filter>
    <Filter Include="src\qt">
      <UniqueIdentifier>{f7d2d4e6-ed49-42c7-b5bc-ddece28ff8c0}</UniqueIdentifier>
    </Filter>
  </ItemGroup>
  <ItemGroup>
    <ClCompile Include="..\src\common\mxBmp.cpp">
      <Filter>src\common</Filter>
    </ClCompile>
    <ClCompile Include="..\src\common\mxPath.cpp">
      <Filter>src\common</Filter>
    </ClCompile>
    <ClCompile Include="..\src\common\mxPcx.cpp">
      <Filter>src\common</Filter>
    </ClCompile>
    <ClCompile Include="..\src\common\mxShellExec.cpp">
      <Filter>src\common</Filter>
    </ClCompile>
    <ClCompile Include="..\src\common\mxSound.cpp">
      <Filter>src\common</Filter>
    </ClCompile>
    <ClCompile Include="..\src\common\mxString.cpp">
      <Filter>src\common</Filter>
    </ClCompile>
    <ClCompile Include="..\src\common\mxTga.cpp">
      <Filter>src\common</Filter>
    </ClCompile>
    <ClCompile Include="..\src\win32\mx.cpp">
      <Filter>src\win32</Filter>
    </ClCompile>
    <ClCompile Include="..\src\win32\mxAccelerator.cpp">
      <Filter>src\win32</Filter>
    </ClCompile>
    <ClCompile Include="..\src\win32\mxButton.cpp">
      <Filter>src\win32</Filter>
    </ClCompile>
    <ClCompile Include="..\src\win32\mxCheckBox.cpp">
      <Filter>src\win32</Filter>
    </ClCompile>
    <ClCompile Include="..\src\win32\mxChoice.cpp">
      <Filter>src\win32</Filter>
    </ClCompile>
    <ClCompile Include="..\src\win32\mxChooseColor.cpp">
      <Filter>src\win32</Filter>
    </ClCompile>
    <ClCompile Include="..\src\win32\mxFileDialog.cpp">
      <Filter>src\win32</Filter>
    </ClCompile>
    <ClCompile Include="..\src\win32\mxGlWindow.cpp">
      <Filter>src\win32</Filter>
    </ClCompile>
    <ClCompile Include="..\src\win32\mxGroupBox.cpp">
      <Filter>src\win32</Filter>
    </ClCompile>
    <ClCompile Include="..\src\win32\mxLabel.cpp">
      <Filter>src\win32</Filter>
    </ClCompile>
    <ClCompile Include="..\src\win32\mxLineEdit.cpp">
      <Filter>src\win32</Filter>
    </ClCompile>
    <ClCompile Include="..\src\win32\mxListBox.cpp">
      <Filter>src\win32</Filter>
    </ClCompile>
    <ClCompile Include="..\src\win32\mxMenu.cpp">
      <Filter>src\win32</Filter>
    </ClCompile>
    <ClCompile Include="..\src\win32\mxMenuBar.cpp">
      <Filter>src\win32</Filter>
    </ClCompile>
    <ClCompile Include="..\src\win32\mxMessageBox.cpp">
      <Filter>src\win32</Filter>
    </ClCompile>
    <ClCompile Include="..\src\win32\mxMultiLineEdit.cpp">
      <Filter>src\win32</Filter>
    </ClCompile>
    <ClCompile Include="..\src\win32\mxPopupMenu.cpp">
      <Filter>src\win32</Filter>
    </ClCompile>
    <ClCompile Include="..\src\win32\mxProgressBar.cpp">
      <Filter>src\win32</Filter>
    </ClCompile>
    <ClCompile Include="..\src\win32\mxRadioButton.cpp">
      <Filter>src\win32</Filter>
    </ClCompile>
    <ClCompile Include="..\src\win32\mxSettings.cpp">
      <Filter>src\win32</Filter>
    </ClCompile>
    <ClCompile Include="..\src\win32\mxSlider.cpp">
      <Filter>src\win32</Filter>
    </ClCompile>
    <ClCompile Include="..\src\win32\mxTab.cpp">
      <Filter>src\win32</Filter>
    </ClCompile>
    <ClCompile Include="..\src\win32\mxToggleButton.cpp">
      <Filter>src\win32</Filter>
    </ClCompile>
    <ClCompile Include="..\src\win32\mxToolTip.cpp">
      <Filter>src\win32</Filter>
    </ClCompile>
    <ClCompile Include="..\src\win32\mxTreeView.cpp">
      <Filter>src\win32</Filter>
    </ClCompile>
    <ClCompile Include="..\src\win32\mxWidget.cpp">
      <Filter>src\win32</Filter>
    </ClCompile>
    <ClCompile Include="..\src\win32\mxWindow.cpp">
      <Filter>src\win32</Filter>
    </ClCompile>
  </ItemGroup>
</Project>